// !$*UTF8*$!
{
	archiveVersion = 1;
	classes = {
	};
	objectVersion = 55;
	objects = {

/* Begin PBXBuildFile section */
		87E761CA2880F7B7007DA657 /* AppDelegate.swift in Sources */ = {isa = PBXBuildFile; fileRef = 87E761C92880F7B7007DA657 /* AppDelegate.swift */; };
		87E761CC2880F7B7007DA657 /* SceneDelegate.swift in Sources */ = {isa = PBXBuildFile; fileRef = 87E761CB2880F7B7007DA657 /* SceneDelegate.swift */; };
		87E761CE2880F7B7007DA657 /* ViewController.swift in Sources */ = {isa = PBXBuildFile; fileRef = 87E761CD2880F7B7007DA657 /* ViewController.swift */; };
		87E761D12880F7B7007DA657 /* Main.storyboard in Resources */ = {isa = PBXBuildFile; fileRef = 87E761CF2880F7B7007DA657 /* Main.storyboard */; };
		87E761D32880F7B8007DA657 /* Assets.xcassets in Resources */ = {isa = PBXBuildFile; fileRef = 87E761D22880F7B8007DA657 /* Assets.xcassets */; };
		87E761D62880F7B8007DA657 /* LaunchScreen.storyboard in Resources */ = {isa = PBXBuildFile; fileRef = 87E761D42880F7B8007DA657 /* LaunchScreen.storyboard */; };
		87E761DE2880FD74007DA657 /* ViewModel.swift in Sources */ = {isa = PBXBuildFile; fileRef = 87E761DD2880FD74007DA657 /* ViewModel.swift */; };
		87E761E12880FE24007DA657 /* RxCocoa in Frameworks */ = {isa = PBXBuildFile; productRef = 87E761E02880FE24007DA657 /* RxCocoa */; };
		87E761E32880FE24007DA657 /* RxSwift in Frameworks */ = {isa = PBXBuildFile; productRef = 87E761E22880FE24007DA657 /* RxSwift */; };
		87E761E52880FF29007DA657 /* Model.swift in Sources */ = {isa = PBXBuildFile; fileRef = 87E761E42880FF29007DA657 /* Model.swift */; };
/* End PBXBuildFile section */

/* Begin PBXFileReference section */
		87E761C62880F7B7007DA657 /* MiniApp57-MVVM&RxSwift02.app */ = {isa = PBXFileReference; explicitFileType = wrapper.application; includeInIndex = 0; path = "MiniApp57-MVVM&RxSwift02.app"; sourceTree = BUILT_PRODUCTS_DIR; };
		87E761C92880F7B7007DA657 /* AppDelegate.swift */ = {isa = PBXFileReference; lastKnownFileType = sourcecode.swift; path = AppDelegate.swift; sourceTree = "<group>"; };
		87E761CB2880F7B7007DA657 /* SceneDelegate.swift */ = {isa = PBXFileReference; lastKnownFileType = sourcecode.swift; path = SceneDelegate.swift; sourceTree = "<group>"; };
		87E761CD2880F7B7007DA657 /* ViewController.swift */ = {isa = PBXFileReference; lastKnownFileType = sourcecode.swift; path = ViewController.swift; sourceTree = "<group>"; };
		87E761D02880F7B7007DA657 /* Base */ = {isa = PBXFileReference; lastKnownFileType = file.storyboard; name = Base; path = Base.lproj/Main.storyboard; sourceTree = "<group>"; };
		87E761D22880F7B8007DA657 /* Assets.xcassets */ = {isa = PBXFileReference; lastKnownFileType = folder.assetcatalog; path = Assets.xcassets; sourceTree = "<group>"; };
		87E761D52880F7B8007DA657 /* Base */ = {isa = PBXFileReference; lastKnownFileType = file.storyboard; name = Base; path = Base.lproj/LaunchScreen.storyboard; sourceTree = "<group>"; };
		87E761D72880F7B8007DA657 /* Info.plist */ = {isa = PBXFileReference; lastKnownFileType = text.plist.xml; path = Info.plist; sourceTree = "<group>"; };
		87E761DD2880FD74007DA657 /* ViewModel.swift */ = {isa = PBXFileReference; lastKnownFileType = sourcecode.swift; path = ViewModel.swift; sourceTree = "<group>"; };
		87E761E42880FF29007DA657 /* Model.swift */ = {isa = PBXFileReference; lastKnownFileType = sourcecode.swift; path = Model.swift; sourceTree = "<group>"; };
/* End PBXFileReference section */

/* Begin PBXFrameworksBuildPhase section */
		87E761C32880F7B7007DA657 /* Frameworks */ = {
			isa = PBXFrameworksBuildPhase;
			buildActionMask = 2147483647;
			files = (
				87E761E32880FE24007DA657 /* RxSwift in Frameworks */,
				87E761E12880FE24007DA657 /* RxCocoa in Frameworks */,
			);
			runOnlyForDeploymentPostprocessing = 0;
		};
/* End PBXFrameworksBuildPhase section */

/* Begin PBXGroup section */
		87A264BF28810B410019AB30 /* View */ = {
			isa = PBXGroup;
			children = (
				87E761CD2880F7B7007DA657 /* ViewController.swift */,
				87E761CF2880F7B7007DA657 /* Main.storyboard */,
			);
			path = View;
			sourceTree = "<group>";
		};
		87A264C028810B470019AB30 /* ViewModel */ = {
			isa = PBXGroup;
			children = (
				87E761DD2880FD74007DA657 /* ViewModel.swift */,
			);
			path = ViewModel;
			sourceTree = "<group>";
		};
		87A264C128810B4F0019AB30 /* Model */ = {
			isa = PBXGroup;
			children = (
				87E761E42880FF29007DA657 /* Model.swift */,
			);
			path = Model;
			sourceTree = "<group>";
		};
		87E761BD2880F7B7007DA657 = {
			isa = PBXGroup;
			children = (
				87E761C82880F7B7007DA657 /* MiniApp57-MVVM&RxSwift02 */,
				87E761C72880F7B7007DA657 /* Products */,
			);
			sourceTree = "<group>";
		};
		87E761C72880F7B7007DA657 /* Products */ = {
			isa = PBXGroup;
			children = (
				87E761C62880F7B7007DA657 /* MiniApp57-MVVM&RxSwift02.app */,
			);
			name = Products;
			sourceTree = "<group>";
		};
		87E761C82880F7B7007DA657 /* MiniApp57-MVVM&RxSwift02 */ = {
			isa = PBXGroup;
			children = (
				87A264C128810B4F0019AB30 /* Model */,
				87A264BF28810B410019AB30 /* View */,
				87A264C028810B470019AB30 /* ViewModel */,
				87E761C92880F7B7007DA657 /* AppDelegate.swift */,
				87E761CB2880F7B7007DA657 /* SceneDelegate.swift */,
				87E761D22880F7B8007DA657 /* Assets.xcassets */,
				87E761D42880F7B8007DA657 /* LaunchScreen.storyboard */,
				87E761D72880F7B8007DA657 /* Info.plist */,
			);
			path = "MiniApp57-MVVM&RxSwift02";
			sourceTree = "<group>";
		};
/* End PBXGroup section */

/* Begin PBXNativeTarget section */
		87E761C52880F7B7007DA657 /* MiniApp57-MVVM&RxSwift02 */ = {
			isa = PBXNativeTarget;
			buildConfigurationList = 87E761DA2880F7B8007DA657 /* Build configuration list for PBXNativeTarget "MiniApp57-MVVM&RxSwift02" */;
			buildPhases = (
				87E761C22880F7B7007DA657 /* Sources */,
				87E761C32880F7B7007DA657 /* Frameworks */,
				87E761C42880F7B7007DA657 /* Resources */,
			);
			buildRules = (
			);
			dependencies = (
			);
			name = "MiniApp57-MVVM&RxSwift02";
			packageProductDependencies = (
				87E761E02880FE24007DA657 /* RxCocoa */,
				87E761E22880FE24007DA657 /* RxSwift */,
			);
			productName = "MiniApp57-MVVM&RxSwift02";
			productReference = 87E761C62880F7B7007DA657 /* MiniApp57-MVVM&RxSwift02.app */;
			productType = "com.apple.product-type.application";
		};
/* End PBXNativeTarget section */

/* Begin PBXProject section */
		87E761BE2880F7B7007DA657 /* Project object */ = {
			isa = PBXProject;
			attributes = {
				BuildIndependentTargetsInParallel = 1;
				LastSwiftUpdateCheck = 1340;
				LastUpgradeCheck = 1340;
				TargetAttributes = {
					87E761C52880F7B7007DA657 = {
						CreatedOnToolsVersion = 13.4.1;
					};
				};
			};
			buildConfigurationList = 87E761C12880F7B7007DA657 /* Build configuration list for PBXProject "MiniApp57-MVVM&RxSwift02" */;
			compatibilityVersion = "Xcode 13.0";
			developmentRegion = en;
			hasScannedForEncodings = 0;
			knownRegions = (
				en,
				Base,
			);
			mainGroup = 87E761BD2880F7B7007DA657;
			packageReferences = (
				87E761DF2880FE24007DA657 /* XCRemoteSwiftPackageReference "RxSwift" */,
			);
			productRefGroup = 87E761C72880F7B7007DA657 /* Products */;
			projectDirPath = "";
			projectRoot = "";
			targets = (
				87E761C52880F7B7007DA657 /* MiniApp57-MVVM&RxSwift02 */,
			);
		};
/* End PBXProject section */

/* Begin PBXResourcesBuildPhase section */
		87E761C42880F7B7007DA657 /* Resources */ = {
			isa = PBXResourcesBuildPhase;
			buildActionMask = 2147483647;
			files = (
				87E761D62880F7B8007DA657 /* LaunchScreen.storyboard in Resources */,
				87E761D32880F7B8007DA657 /* Assets.xcassets in Resources */,
				87E761D12880F7B7007DA657 /* Main.storyboard in Resources */,
			);
			runOnlyForDeploymentPostprocessing = 0;
		};
/* End PBXResourcesBuildPhase section */

/* Begin PBXSourcesBuildPhase section */
		87E761C22880F7B7007DA657 /* Sources */ = {
			isa = PBXSourcesBuildPhase;
			buildActionMask = 2147483647;
			files = (
				87E761E52880FF29007DA657 /* Model.swift in Sources */,
				87E761CE2880F7B7007DA657 /* ViewController.swift in Sources */,
				87E761CA2880F7B7007DA657 /* AppDelegate.swift in Sources */,
				87E761DE2880FD74007DA657 /* ViewModel.swift in Sources */,
				87E761CC2880F7B7007DA657 /* SceneDelegate.swift in Sources */,
			);
			runOnlyForDeploymentPostprocessing = 0;
		};
/* End PBXSourcesBuildPhase section */

/* Begin PBXVariantGroup section */
		87E761CF2880F7B7007DA657 /* Main.storyboard */ = {
			isa = PBXVariantGroup;
			children = (
				87E761D02880F7B7007DA657 /* Base */,
			);
			name = Main.storyboard;
			sourceTree = "<group>";
		};
		87E761D42880F7B8007DA657 /* LaunchScreen.storyboard */ = {
			isa = PBXVariantGroup;
			children = (
				87E761D52880F7B8007DA657 /* Base */,
			);
			name = LaunchScreen.storyboard;
			sourceTree = "<group>";
		};
/* End PBXVariantGroup section */

/* Begin XCBuildConfiguration section */
		87E761D82880F7B8007DA657 /* Debug */ = {
			isa = XCBuildConfiguration;
			buildSettings = {
				ALWAYS_SEARCH_USER_PATHS = NO;
				CLANG_ANALYZER_NONNULL = YES;
				CLANG_ANALYZER_NUMBER_OBJECT_CONVERSION = YES_AGGRESSIVE;
				CLANG_CXX_LANGUAGE_STANDARD = "gnu++17";
				CLANG_ENABLE_MODULES = YES;
				CLANG_ENABLE_OBJC_ARC = YES;
				CLANG_ENABLE_OBJC_WEAK = YES;
				CLANG_WARN_BLOCK_CAPTURE_AUTORELEASING = YES;
				CLANG_WARN_BOOL_CONVERSION = YES;
				CLANG_WARN_COMMA = YES;
				CLANG_WARN_CONSTANT_CONVERSION = YES;
				CLANG_WARN_DEPRECATED_OBJC_IMPLEMENTATIONS = YES;
				CLANG_WARN_DIRECT_OBJC_ISA_USAGE = YES_ERROR;
				CLANG_WARN_DOCUMENTATION_COMMENTS = YES;
				CLANG_WARN_EMPTY_BODY = YES;
				CLANG_WARN_ENUM_CONVERSION = YES;
				CLANG_WARN_INFINITE_RECURSION = YES;
				CLANG_WARN_INT_CONVERSION = YES;
				CLANG_WARN_NON_LITERAL_NULL_CONVERSION = YES;
				CLANG_WARN_OBJC_IMPLICIT_RETAIN_SELF = YES;
				CLANG_WARN_OBJC_LITERAL_CONVERSION = YES;
				CLANG_WARN_OBJC_ROOT_CLASS = YES_ERROR;
				CLANG_WARN_QUOTED_INCLUDE_IN_FRAMEWORK_HEADER = YES;
				CLANG_WARN_RANGE_LOOP_ANALYSIS = YES;
				CLANG_WARN_STRICT_PROTOTYPES = YES;
				CLANG_WARN_SUSPICIOUS_MOVE = YES;
				CLANG_WARN_UNGUARDED_AVAILABILITY = YES_AGGRESSIVE;
				CLANG_WARN_UNREACHABLE_CODE = YES;
				CLANG_WARN__DUPLICATE_METHOD_MATCH = YES;
				COPY_PHASE_STRIP = NO;
				DEBUG_INFORMATION_FORMAT = dwarf;
				ENABLE_STRICT_OBJC_MSGSEND = YES;
				ENABLE_TESTABILITY = YES;
				GCC_C_LANGUAGE_STANDARD = gnu11;
				GCC_DYNAMIC_NO_PIC = NO;
				GCC_NO_COMMON_BLOCKS = YES;
				GCC_OPTIMIZATION_LEVEL = 0;
				GCC_PREPROCESSOR_DEFINITIONS = (
					"DEBUG=1",
					"$(inherited)",
				);
				GCC_WARN_64_TO_32_BIT_CONVERSION = YES;
				GCC_WARN_ABOUT_RETURN_TYPE = YES_ERROR;
				GCC_WARN_UNDECLARED_SELECTOR = YES;
				GCC_WARN_UNINITIALIZED_AUTOS = YES_AGGRESSIVE;
				GCC_WARN_UNUSED_FUNCTION = YES;
				GCC_WARN_UNUSED_VARIABLE = YES;
				IPHONEOS_DEPLOYMENT_TARGET = 15.5;
				MTL_ENABLE_DEBUG_INFO = INCLUDE_SOURCE;
				MTL_FAST_MATH = YES;
				ONLY_ACTIVE_ARCH = YES;
				SDKROOT = iphoneos;
				SWIFT_ACTIVE_COMPILATION_CONDITIONS = DEBUG;
				SWIFT_OPTIMIZATION_LEVEL = "-Onone";
			};
			name = Debug;
		};
		87E761D92880F7B8007DA657 /* Release */ = {
			isa = XCBuildConfiguration;
			buildSettings = {
				ALWAYS_SEARCH_USER_PATHS = NO;
				CLANG_ANALYZER_NONNULL = YES;
				CLANG_ANALYZER_NUMBER_OBJECT_CONVERSION = YES_AGGRESSIVE;
				CLANG_CXX_LANGUAGE_STANDARD = "gnu++17";
				CLANG_ENABLE_MODULES = YES;
				CLANG_ENABLE_OBJC_ARC = YES;
				CLANG_ENABLE_OBJC_WEAK = YES;
				CLANG_WARN_BLOCK_CAPTURE_AUTORELEASING = YES;
				CLANG_WARN_BOOL_CONVERSION = YES;
				CLANG_WARN_COMMA = YES;
				CLANG_WARN_CONSTANT_CONVERSION = YES;
				CLANG_WARN_DEPRECATED_OBJC_IMPLEMENTATIONS = YES;
				CLANG_WARN_DIRECT_OBJC_ISA_USAGE = YES_ERROR;
				CLANG_WARN_DOCUMENTATION_COMMENTS = YES;
				CLANG_WARN_EMPTY_BODY = YES;
				CLANG_WARN_ENUM_CONVERSION = YES;
				CLANG_WARN_INFINITE_RECURSION = YES;
				CLANG_WARN_INT_CONVERSION = YES;
				CLANG_WARN_NON_LITERAL_NULL_CONVERSION = YES;
				CLANG_WARN_OBJC_IMPLICIT_RETAIN_SELF = YES;
				CLANG_WARN_OBJC_LITERAL_CONVERSION = YES;
				CLANG_WARN_OBJC_ROOT_CLASS = YES_ERROR;
				CLANG_WARN_QUOTED_INCLUDE_IN_FRAMEWORK_HEADER = YES;
				CLANG_WARN_RANGE_LOOP_ANALYSIS = YES;
				CLANG_WARN_STRICT_PROTOTYPES = YES;
				CLANG_WARN_SUSPICIOUS_MOVE = YES;
				CLANG_WARN_UNGUARDED_AVAILABILITY = YES_AGGRESSIVE;
				CLANG_WARN_UNREACHABLE_CODE = YES;
				CLANG_WARN__DUPLICATE_METHOD_MATCH = YES;
				COPY_PHASE_STRIP = NO;
				DEBUG_INFORMATION_FORMAT = "dwarf-with-dsym";
				ENABLE_NS_ASSERTIONS = NO;
				ENABLE_STRICT_OBJC_MSGSEND = YES;
				GCC_C_LANGUAGE_STANDARD = gnu11;
				GCC_NO_COMMON_BLOCKS = YES;
				GCC_WARN_64_TO_32_BIT_CONVERSION = YES;
				GCC_WARN_ABOUT_RETURN_TYPE = YES_ERROR;
				GCC_WARN_UNDECLARED_SELECTOR = YES;
				GCC_WARN_UNINITIALIZED_AUTOS = YES_AGGRESSIVE;
				GCC_WARN_UNUSED_FUNCTION = YES;
				GCC_WARN_UNUSED_VARIABLE = YES;
				IPHONEOS_DEPLOYMENT_TARGET = 15.5;
				MTL_ENABLE_DEBUG_INFO = NO;
				MTL_FAST_MATH = YES;
				SDKROOT = iphoneos;
				SWIFT_COMPILATION_MODE = wholemodule;
				SWIFT_OPTIMIZATION_LEVEL = "-O";
				VALIDATE_PRODUCT = YES;
			};
			name = Release;
		};
		87E761DB2880F7B8007DA657 /* Debug */ = {
			isa = XCBuildConfiguration;
			buildSettings = {
				ASSETCATALOG_COMPILER_APPICON_NAME = AppIcon;
				ASSETCATALOG_COMPILER_GLOBAL_ACCENT_COLOR_NAME = AccentColor;
				CODE_SIGN_STYLE = Automatic;
				CURRENT_PROJECT_VERSION = 1;
				DEVELOPMENT_TEAM = 558ZJSQN67;
				GENERATE_INFOPLIST_FILE = YES;
				INFOPLIST_FILE = "MiniApp57-MVVM&RxSwift02/Info.plist";
				INFOPLIST_KEY_UIApplicationSupportsIndirectInputEvents = YES;
				INFOPLIST_KEY_UILaunchStoryboardName = LaunchScreen;
				INFOPLIST_KEY_UIMainStoryboardFile = Main;
				INFOPLIST_KEY_UISupportedInterfaceOrientations_iPad = "UIInterfaceOrientationPortrait UIInterfaceOrientationPortraitUpsideDown UIInterfaceOrientationLandscapeLeft UIInterfaceOrientationLandscapeRight";
				INFOPLIST_KEY_UISupportedInterfaceOrientations_iPhone = "UIInterfaceOrientationPortrait UIInterfaceOrientationLandscapeLeft UIInterfaceOrientationLandscapeRight";
				LD_RUNPATH_SEARCH_PATHS = (
					"$(inherited)",
					"@executable_path/Frameworks",
				);
				MARKETING_VERSION = 1.0;
				PRODUCT_BUNDLE_IDENTIFIER = "org.tetoblog.MiniApp57-MVVM-RxSwift02";
				PRODUCT_NAME = "$(TARGET_NAME)";
				SWIFT_EMIT_LOC_STRINGS = YES;
				SWIFT_VERSION = 5.0;
				TARGETED_DEVICE_FAMILY = "1,2";
			};
			name = Debug;
		};
		87E761DC2880F7B8007DA657 /* Release */ = {
			isa = XCBuildConfiguration;
			buildSettings = {
				ASSETCATALOG_COMPILER_APPICON_NAME = AppIcon;
				ASSETCATALOG_COMPILER_GLOBAL_ACCENT_COLOR_NAME = AccentColor;
				CODE_SIGN_STYLE = Automatic;
				CURRENT_PROJECT_VERSION = 1;
				DEVELOPMENT_TEAM = 558ZJSQN67;
				GENERATE_INFOPLIST_FILE = YES;
				INFOPLIST_FILE = "MiniApp57-MVVM&RxSwift02/Info.plist";
				INFOPLIST_KEY_UIApplicationSupportsIndirectInputEvents = YES;
				INFOPLIST_KEY_UILaunchStoryboardName = LaunchScreen;
				INFOPLIST_KEY_UIMainStoryboardFile = Main;
				INFOPLIST_KEY_UISupportedInterfaceOrientations_iPad = "UIInterfaceOrientationPortrait UIInterfaceOrientationPortraitUpsideDown UIInterfaceOrientationLandscapeLeft UIInterfaceOrientationLandscapeRight";
				INFOPLIST_KEY_UISupportedInterfaceOrientations_iPhone = "UIInterfaceOrientationPortrait UIInterfaceOrientationLandscapeLeft UIInterfaceOrientationLandscapeRight";
				LD_RUNPATH_SEARCH_PATHS = (
					"$(inherited)",
					"@executable_path/Frameworks",
				);
				MARKETING_VERSION = 1.0;
				PRODUCT_BUNDLE_IDENTIFIER = "org.tetoblog.MiniApp57-MVVM-RxSwift02";
				PRODUCT_NAME = "$(TARGET_NAME)";
				SWIFT_EMIT_LOC_STRINGS = YES;
				SWIFT_VERSION = 5.0;
				TARGETED_DEVICE_FAMILY = "1,2";
			};
			name = Release;
		};
/* End XCBuildConfiguration section */

/* Begin XCConfigurationList section */
		87E761C12880F7B7007DA657 /* Build configuration list for PBXProject "MiniApp57-MVVM&RxSwift02" */ = {
			isa = XCConfigurationList;
			buildConfigurations = (
				87E761D82880F7B8007DA657 /* Debug */,
				87E761D92880F7B8007DA657 /* Release */,
			);
			defaultConfigurationIsVisible = 0;
			defaultConfigurationName = Release;
		};
		87E761DA2880F7B8007DA657 /* Build configuration list for PBXNativeTarget "MiniApp57-MVVM&RxSwift02" */ = {
			isa = XCConfigurationList;
			buildConfigurations = (
				87E761DB2880F7B8007DA657 /* Debug */,
				87E761DC2880F7B8007DA657 /* Release */,
			);
			defaultConfigurationIsVisible = 0;
			defaultConfigurationName = Release;
		};
/* End XCConfigurationList section */

/* Begin XCRemoteSwiftPackageReference section */
		87E761DF2880FE24007DA657 /* XCRemoteSwiftPackageReference "RxSwift" */ = {
			isa = XCRemoteSwiftPackageReference;
			repositoryURL = "https://github.com/ReactiveX/RxSwift";
			requirement = {
				branch = main;
				kind = branch;
			};
		};
/* End XCRemoteSwiftPackageReference section */

/* Begin XCSwiftPackageProductDependency section */
		87E761E02880FE24007DA657 /* RxCocoa */ = {
			isa = XCSwiftPackageProductDependency;
			package = 87E761DF2880FE24007DA657 /* XCRemoteSwiftPackageReference "RxSwift" */;
			productName = RxCocoa;
		};
		87E761E22880FE24007DA657 /* RxSwift */ = {
			isa = XCSwiftPackageProductDependency;
			package = 87E761DF2880FE24007DA657 /* XCRemoteSwiftPackageReference "RxSwift" */;
			productName = RxSwift;
		};
/* End XCSwiftPackageProductDependency section */
	};
	rootObject = 87E761BE2880F7B7007DA657 /* Project object */;
}
